
Microsoft Visual Studio Solution File, Format Version 12.00
# Visual Studio Version 16
VisualStudioVersion = 16.0.30717.126
MinimumVisualStudioVersion = 10.0.40219.1
Project("{FAE04EC0-301F-11D3-BF4B-00C04F79EFBC}") = "Homework_05_Task_01", "Homework_05_Task_01\Homework_05_Task_01.csproj", "{D5520CAA-0162-4D2A-9013-BD10DC4F8CA3}"
EndProject
Project("{FAE04EC0-301F-11D3-BF4B-00C04F79EFBC}") = "Homework_05_Task_03", "Homework_05_Task_03\Homework_05_Task_03.csproj", "{E8AD3683-E56D-4404-9999-B49025680CAD}"
EndProject
Global
	GlobalSection(SolutionConfigurationPlatforms) = preSolution
		Debug|Any CPU = Debug|Any CPU
		Release|Any CPU = Release|Any CPU
	EndGlobalSection
	GlobalSection(ProjectConfigurationPlatforms) = postSolution
		{D5520CAA-0162-4D2A-9013-BD10DC4F8CA3}.Debug|Any CPU.ActiveCfg = Debug|Any CPU
		{D5520CAA-0162-4D2A-9013-BD10DC4F8CA3}.Debug|Any CPU.Build.0 = Debug|Any CPU
		{D5520CAA-0162-4D2A-9013-BD10DC4F8CA3}.Release|Any CPU.ActiveCfg = Release|Any CPU
		{D5520CAA-0162-4D2A-9013-BD10DC4F8CA3}.Release|Any CPU.Build.0 = Release|Any CPU
		{E8AD3683-E56D-4404-9999-B49025680CAD}.Debug|Any CPU.ActiveCfg = Debug|Any CPU
		{E8AD3683-E56D-4404-9999-B49025680CAD}.Debug|Any CPU.Build.0 = Debug|Any CPU
		{E8AD3683-E56D-4404-9999-B49025680CAD}.Release|Any CPU.ActiveCfg = Release|Any CPU
		{E8AD3683-E56D-4404-9999-B49025680CAD}.Release|Any CPU.Build.0 = Release|Any CPU
	EndGlobalSection
	GlobalSection(SolutionProperties) = preSolution
		HideSolutionNode = FALSE
	EndGlobalSection
	GlobalSection(ExtensibilityGlobals) = postSolution
		SolutionGuid = {419E8560-B6D0-48F6-9164-BFE26864D96B}
	EndGlobalSection
EndGlobal
